
Microsoft Visual Studio Solution File, Format Version 12.00
# Visual Studio 15
VisualStudioVersion = 15.0.28307.572
MinimumVisualStudioVersion = 10.0.40219.1
Project("{FAE04EC0-301F-11D3-BF4B-00C04F79EFBC}") = "K2Documentation.Samples.Extensions.SmartForms.CustomControl", "K2Documentation.Samples.Extensions.SmartForms.CustomControl\K2Documentation.Samples.Extensions.SmartForms.CustomControl.csproj", "{6553B963-9265-4CE3-9397-26F1FBA2C596}"
EndProject
Global
	GlobalSection(SolutionConfigurationPlatforms) = preSolution
		Debug|Any CPU = Debug|Any CPU
		Release|Any CPU = Release|Any CPU
	EndGlobalSection
	GlobalSection(ProjectConfigurationPlatforms) = postSolution
		{6553B963-9265-4CE3-9397-26F1FBA2C596}.Debug|Any CPU.ActiveCfg = Debug|Any CPU
		{6553B963-9265-4CE3-9397-26F1FBA2C596}.Debug|Any CPU.Build.0 = Debug|Any CPU
		{6553B963-9265-4CE3-9397-26F1FBA2C596}.Release|Any CPU.ActiveCfg = Release|Any CPU
		{6553B963-9265-4CE3-9397-26F1FBA2C596}.Release|Any CPU.Build.0 = Release|Any CPU
	EndGlobalSection
	GlobalSection(SolutionProperties) = preSolution
		HideSolutionNode = FALSE
	EndGlobalSection
	GlobalSection(ExtensibilityGlobals) = postSolution
		SolutionGuid = {DC01F68D-8048-4A14-84BE-3F9C9485EB3C}
	EndGlobalSection
EndGlobal
